
Microsoft Visual Studio Solution File, Format Version 12.00
# Visual Studio 15
VisualStudioVersion = 15.0.26730.12
MinimumVisualStudioVersion = 10.0.40219.1
Project("{FAE04EC0-301F-11D3-BF4B-00C04F79EFBC}") = "Strings", "Strings\Strings.csproj", "{500DB03B-CBD1-4941-9693-2190E76D4537}"
EndProject
Global
	GlobalSection(SolutionConfigurationPlatforms) = preSolution
		Debug|Any CPU = Debug|Any CPU
		Release|Any CPU = Release|Any CPU
	EndGlobalSection
	GlobalSection(ProjectConfigurationPlatforms) = postSolution
		{500DB03B-CBD1-4941-9693-2190E76D4537}.Debug|Any CPU.ActiveCfg = Debug|Any CPU
		{500DB03B-CBD1-4941-9693-2190E76D4537}.Debug|Any CPU.Build.0 = Debug|Any CPU
		{500DB03B-CBD1-4941-9693-2190E76D4537}.Release|Any CPU.ActiveCfg = Release|Any CPU
		{500DB03B-CBD1-4941-9693-2190E76D4537}.Release|Any CPU.Build.0 = Release|Any CPU
	EndGlobalSection
	GlobalSection(SolutionProperties) = preSolution
		HideSolutionNode = FALSE
	EndGlobalSection
	GlobalSection(ExtensibilityGlobals) = postSolution
		SolutionGuid = {6BB5B8F8-E484-4F14-9A1F-E03345F3CB1E}
	EndGlobalSection
EndGlobal
